
Microsoft Visual Studio Solution File, Format Version 12.00
Project("{FAE04EC0-301F-11D3-BF4B-00C04F79EFBC}") = "OldPhone", "OldPhone\OldPhone.csproj", "{1A918848-86AD-43CD-B6ED-0CECADC7FC7A}"
EndProject
Project("{FAE04EC0-301F-11D3-BF4B-00C04F79EFBC}") = "OldPhone.Tests", "OldPhone.Tests\OldPhone.Tests.csproj", "{F512B2BB-4E6F-4498-8735-81AC4A088A7F}"
EndProject
Global
	GlobalSection(SolutionConfigurationPlatforms) = preSolution
		Debug|Any CPU = Debug|Any CPU
		Debug|x64 = Debug|x64
		Debug|x86 = Debug|x86
		Release|Any CPU = Release|Any CPU
		Release|x64 = Release|x64
		Release|x86 = Release|x86
	EndGlobalSection
	GlobalSection(ProjectConfigurationPlatforms) = postSolution
		{1A918848-86AD-43CD-B6ED-0CECADC7FC7A}.Debug|Any CPU.ActiveCfg = Debug|Any CPU
		{1A918848-86AD-43CD-B6ED-0CECADC7FC7A}.Debug|Any CPU.Build.0 = Debug|Any CPU
		{1A918848-86AD-43CD-B6ED-0CECADC7FC7A}.Debug|x64.ActiveCfg = Debug|Any CPU
		{1A918848-86AD-43CD-B6ED-0CECADC7FC7A}.Debug|x64.Build.0 = Debug|Any CPU
		{1A918848-86AD-43CD-B6ED-0CECADC7FC7A}.Debug|x86.ActiveCfg = Debug|Any CPU
		{1A918848-86AD-43CD-B6ED-0CECADC7FC7A}.Debug|x86.Build.0 = Debug|Any CPU
		{1A918848-86AD-43CD-B6ED-0CECADC7FC7A}.Release|Any CPU.ActiveCfg = Release|Any CPU
		{1A918848-86AD-43CD-B6ED-0CECADC7FC7A}.Release|Any CPU.Build.0 = Release|Any CPU
		{1A918848-86AD-43CD-B6ED-0CECADC7FC7A}.Release|x64.ActiveCfg = Release|Any CPU
		{1A918848-86AD-43CD-B6ED-0CECADC7FC7A}.Release|x64.Build.0 = Release|Any CPU
		{1A918848-86AD-43CD-B6ED-0CECADC7FC7A}.Release|x86.ActiveCfg = Release|Any CPU
		{1A918848-86AD-43CD-B6ED-0CECADC7FC7A}.Release|x86.Build.0 = Release|Any CPU
		{F512B2BB-4E6F-4498-8735-81AC4A088A7F}.Debug|Any CPU.ActiveCfg = Debug|Any CPU
		{F512B2BB-4E6F-4498-8735-81AC4A088A7F}.Debug|Any CPU.Build.0 = Debug|Any CPU
		{F512B2BB-4E6F-4498-8735-81AC4A088A7F}.Debug|x64.ActiveCfg = Debug|Any CPU
		{F512B2BB-4E6F-4498-8735-81AC4A088A7F}.Debug|x64.Build.0 = Debug|Any CPU
		{F512B2BB-4E6F-4498-8735-81AC4A088A7F}.Debug|x86.ActiveCfg = Debug|Any CPU
		{F512B2BB-4E6F-4498-8735-81AC4A088A7F}.Debug|x86.Build.0 = Debug|Any CPU
		{F512B2BB-4E6F-4498-8735-81AC4A088A7F}.Release|Any CPU.ActiveCfg = Release|Any CPU
		{F512B2BB-4E6F-4498-8735-81AC4A088A7F}.Release|Any CPU.Build.0 = Release|Any CPU
		{F512B2BB-4E6F-4498-8735-81AC4A088A7F}.Release|x64.ActiveCfg = Release|Any CPU
		{F512B2BB-4E6F-4498-8735-81AC4A088A7F}.Release|x64.Build.0 = Release|Any CPU
		{F512B2BB-4E6F-4498-8735-81AC4A088A7F}.Release|x86.ActiveCfg = Release|Any CPU
		{F512B2BB-4E6F-4498-8735-81AC4A088A7F}.Release|x86.Build.0 = Release|Any CPU
	EndGlobalSection
	GlobalSection(SolutionProperties) = preSolution
		HideSolutionNode = FALSE
	EndGlobalSection
EndGlobal
